
Microsoft Visual Studio Solution File, Format Version 12.00
# Visual Studio Version 17
VisualStudioVersion = 17.9.34728.123
MinimumVisualStudioVersion = 10.0.40219.1
Project("{FAE04EC0-301F-11D3-BF4B-00C04F79EFBC}") = "rpg-poo", "rpg-poo\rpg-poo.csproj", "{A85F8243-D244-44D2-AF63-C5E333150378}"
EndProject
Global
	GlobalSection(SolutionConfigurationPlatforms) = preSolution
		Debug|Any CPU = Debug|Any CPU
		Release|Any CPU = Release|Any CPU
	EndGlobalSection
	GlobalSection(ProjectConfigurationPlatforms) = postSolution
		{A85F8243-D244-44D2-AF63-C5E333150378}.Debug|Any CPU.ActiveCfg = Debug|Any CPU
		{A85F8243-D244-44D2-AF63-C5E333150378}.Debug|Any CPU.Build.0 = Debug|Any CPU
		{A85F8243-D244-44D2-AF63-C5E333150378}.Release|Any CPU.ActiveCfg = Release|Any CPU
		{A85F8243-D244-44D2-AF63-C5E333150378}.Release|Any CPU.Build.0 = Release|Any CPU
	EndGlobalSection
	GlobalSection(SolutionProperties) = preSolution
		HideSolutionNode = FALSE
	EndGlobalSection
	GlobalSection(ExtensibilityGlobals) = postSolution
		SolutionGuid = {5DFAD040-7841-4F49-B9A9-B951F1DD5702}
	EndGlobalSection
EndGlobal
